{
  "originHash" : "06e1baa2d5a053788a4c2d845b5d6bdb345ae304fff55b53d914bac6489048e0",
  "pins" : [
    {
      "identity" : "fittedsheets",
      "kind" : "remoteSourceControl",
      "location" : "https://github.com/gordontucker/FittedSheets.git",
      "state" : {
        "revision" : "ba34781367fb7c947e2a19334318cf440c92968c",
        "version" : "2.7.1"
      }
    },
    {
      "identity" : "kractivityindicatorview",
      "kind" : "remoteSourceControl",
      "location" : "https://github.com/krimpedance/KRActivityIndicatorView.git",
      "state" : {
        "revision" : "925de8a9c15d9d7c2ca746dbe198549241b8b2b2",
        "version" : "3.0.8"
      }
    },
    {
      "identity" : "krprogresshud",
      "kind" : "remoteSourceControl",
      "location" : "https://github.com/krimpedance/KRProgressHUD.git",
      "state" : {
        "revision" : "2d6b0246682fce2c8e226235c9cd6065d0b95e00",
        "version" : "3.4.8"
      }
    },
    {
      "identity" : "nevis-mobile-authentication-sdk-ios-package",
      "kind" : "remoteSourceControl",
      "location" : "https://github.com/nevissecurity/nevis-mobile-authentication-sdk-ios-package",
      "state" : {
        "revision" : "187ecc0baa94d378fdedc0811506eed00f8f23eb",
        "version" : "4.3.1"
      }
    },
    {
      "identity" : "qrscanner",
      "kind" : "remoteSourceControl",
      "location" : "https://github.com/mercari/QRScanner.git",
      "state" : {
        "revision" : "f5f98ce30e642226cf281b281a7825f7beae3402",
        "version" : "2.0.1"
      }
    },
    {
      "identity" : "swinject",
      "kind" : "remoteSourceControl",
      "location" : "https://github.com/Swinject/Swinject.git",
      "state" : {
        "revision" : "b685b549fe4d8ae265fc7a2f27d0789720425d69",
        "version" : "2.10.0"
      }
    },
    {
      "identity" : "swinjectautoregistration",
      "kind" : "remoteSourceControl",
      "location" : "https://github.com/Swinject/SwinjectAutoregistration.git",
      "state" : {
        "revision" : "fd9ffae5f666d37b4b3c210af2e16a10598342e4",
        "version" : "2.9.1"
      }
    },
    {
      "identity" : "then",
      "kind" : "remoteSourceControl",
      "location" : "https://github.com/devxoul/Then.git",
      "state" : {
        "revision" : "d41ef523faef0f911369f79c0b96815d9dbb6d7a",
        "version" : "3.0.0"
      }
    }
  ],
  "version" : 3
}
